{"filter":false,"title":"package-lock.json","tooltip":"/package-lock.json","undoManager":{"mark":-1,"position":-1,"stack":[]},"ace":{"folds":[],"scrolltop":11430,"scrollleft":0,"selection":{"start":{"row":25,"column":31},"end":{"row":25,"column":31},"isBackwards":false},"options":{"guessTabSize":true,"useWrapMode":false,"wrapToView":true},"firstLineState":{"row":11,"state":"start","mode":"ace/mode/json"}},"timestamp":1623416244589,"hash":"202f8051f02272151ce054238636a619fda8d760"}